# This file is automatically @generated by Cargo.
# It is not intended for manual editing.
[[package]]
name = "dauphin-interp-toy"
version = "0.1.0"
dependencies = [
 "dauphin_interp",
 "dauphin_lib_std",
 "serde_cbor",
]

[[package]]
name = "dauphin_interp"
version = "0.1.0"
dependencies = [
 "lazy_static",
 "serde_cbor",
]

[[package]]
name = "dauphin_lib_std"
version = "0.1.0"
dependencies = [
 "dauphin_interp",
 "serde_cbor",
]

[[package]]
name = "half"
version = "1.6.0"
source = "registry+https://github.com/rust-lang/crates.io-index"
checksum = "d36fab90f82edc3c747f9d438e06cf0a491055896f2a279638bb5beed6c40177"

[[package]]
name = "lazy_static"
version = "1.4.0"
source = "registry+https://github.com/rust-lang/crates.io-index"
checksum = "e2abad23fbc42b3700f2f279844dc832adb2b2eb069b2df918f455c4e18cc646"

[[package]]
name = "serde"
version = "1.0.114"
source = "registry+https://github.com/rust-lang/crates.io-index"
checksum = "5317f7588f0a5078ee60ef675ef96735a1442132dc645eb1d12c018620ed8cd3"

[[package]]
name = "serde_cbor"
version = "0.11.1"
source = "registry+https://github.com/rust-lang/crates.io-index"
checksum = "1e18acfa2f90e8b735b2836ab8d538de304cbb6729a7360729ea5a895d15a622"
dependencies = [
 "half",
 "serde",
]
